{
  "name": "kantinebot",
  "version": "1.0.0",
  "lockfileVersion": 2,
  "requires": true,
  "packages": {
    "": {
      "name": "kantinebot",
      "version": "1.0.0",
      "license": "MIT",
      "dependencies": {
        "pupeteer": "^0.0.1"
      },
      "devDependencies": {
        "typescript": "^4.5.5"
      }
    },
    "node_modules/pupeteer": {
      "version": "0.0.1",
      "resolved": "https://registry.npmjs.org/pupeteer/-/pupeteer-0.0.1.tgz",
      "integrity": "sha512-NQmPNNzecPECIHHikzJQChlbzG+TuM7DI0rwIkLH/7URZpPn+wVyJa1FOHo5OJQeGj3oDURNzu7aYM5WrMKw1g=="
    },
    "node_modules/typescript": {
      "version": "4.5.5",
      "resolved": "https://registry.npmjs.org/typescript/-/typescript-4.5.5.tgz",
      "integrity": "sha512-TCTIul70LyWe6IJWT8QSYeA54WQe8EjQFU4wY52Fasj5UKx88LNYKCgBEHcOMOrFF1rKGbD8v/xcNWVUq9SymA==",
      "dev": true,
      "bin": {
        "tsc": "bin/tsc",
        "tsserver": "bin/tsserver"
      },
      "engines": {
        "node": ">=4.2.0"
      }
    }
  },
  "dependencies": {
    "pupeteer": {
      "version": "0.0.1",
      "resolved": "https://registry.npmjs.org/pupeteer/-/pupeteer-0.0.1.tgz",
      "integrity": "sha512-NQmPNNzecPECIHHikzJQChlbzG+TuM7DI0rwIkLH/7URZpPn+wVyJa1FOHo5OJQeGj3oDURNzu7aYM5WrMKw1g=="
    },
    "typescript": {
      "version": "4.5.5",
      "resolved": "https://registry.npmjs.org/typescript/-/typescript-4.5.5.tgz",
      "integrity": "sha512-TCTIul70LyWe6IJWT8QSYeA54WQe8EjQFU4wY52Fasj5UKx88LNYKCgBEHcOMOrFF1rKGbD8v/xcNWVUq9SymA==",
      "dev": true
    }
  }
}
